{
  "version": 4,
  "terraform_version": "1.1.7",
  "serial": 8,
  "lineage": "b28d7826-fd54-0010-d35e-c1bffcca3954",
  "outputs": {
    "IPS": {
      "value": [
        []
      ],
      "type": [
        "tuple",
        [
          [
            "list",
            "string"
          ]
        ]
      ]
    }
  },
  "resources": [
    {
      "mode": "data",
      "type": "template_file",
      "name": "network_config",
      "provider": "provider[\"registry.terraform.io/hashicorp/template\"]",
      "instances": [
        {
          "schema_version": 0,
          "attributes": {
            "filename": null,
            "id": "cd30f130c3476d54f9762d7aece874b4e10b0ff88a3cdf5fa4db04c6bcbe87a0",
            "rendered": "version: 2\nethernets:\n  ens3 :\n     dhcp4: true\n\n\n#version: 2\n#ethernets: \n#    ens3:\n#    addresses:\n#    - 10.30.0.41/20\n#    gateway4: 10.30.0.1\n#    nameservers:\n#        addresses:\n#        - 10.20.6.1\n#        - 10.20.6.2\n#        search:\n#        - lsd.ufcg.edu.br",
            "template": "version: 2\nethernets:\n  ens3 :\n     dhcp4: true\n\n\n#version: 2\n#ethernets: \n#    ens3:\n#    addresses:\n#    - 10.30.0.41/20\n#    gateway4: 10.30.0.1\n#    nameservers:\n#        addresses:\n#        - 10.20.6.1\n#        - 10.20.6.2\n#        search:\n#        - lsd.ufcg.edu.br",
            "vars": null
          },
          "sensitive_attributes": []
        }
      ]
    },
    {
      "mode": "data",
      "type": "template_file",
      "name": "user_data",
      "provider": "provider[\"registry.terraform.io/hashicorp/template\"]",
      "instances": [
        {
          "schema_version": 0,
          "attributes": {
            "filename": null,
            "id": "54b9146e2eb55052e0b6774ab57f26ec79beef31b279f735dab9e1f40a7fccdf",
            "rendered": "#cloud-config\nusers:\n  - name: suporte   \n    groups: users, admin\n    home: /home/suporte\n    shell: /bin/bash    \n    hashed_passwd: \"6F01F0326BA6A4E52475ED8F74224201E3DA47436F96D1598EEA047793758AFF7CC82FB17D02D3F19794C9FF73F1EF1ABEA69EFD2987057D2217A76C280A8FC0\"\n    lock_passwd: false\n    ssh_authorized_keys:\n      - ssh-rsa AAAAB3NzaC1yc2EAAAADAQABAAABAQDYO2hhrBd+e7iNuuN4/i1jsvrZ9KLRBA/48GOj+6GY3nCuheOdfoVXptgHyFyJFkwhtgemwxuWrHwL9XrckYV4UfexUieOSeafD5+xLspRtOsvkGu+AuoDy1BiFOVstjMTx7hpPQOZgNnU6e8eFzZ7L0WC6LNLr7c0Xc4gYOHrFWgLW7NMhNPmB5SWG86IjSc8OzHuHJKSbHDdaViGlHgg4HY+LUjtKw2oqJs6rdBzn1kvzsLvvv+Sf32Re6NqB/UtID57dm3x2zV7nX0YLrWdCGW5GZsPtvVBjiDT0DG+PeRwmmSnIJgSry95XvWj5i19VdT0sGy4k1X8+K3fFZdt pedrohenrique@serralimpa-pc-85\n    sudo: ALL=(ALL) NOPASSWD:ALL\nssh_pwauth: True\ndisable_root: false\nchpasswd:\n  list: |\n     suporte:dfe@cmt0512\n  expire: false\npackage_update: true\npackage_upgrade: true\npackages:\n    #- gemu-gues-agent\n    #- apt-transport-httpsvgf4\n    #- ca-certificates\n    #- curl \n    #- gnupg-agent\n    #- software-properties-common\n    #- zsh\n\ngrowpart:\n    mode: auto\n    devices: ['/']\n    ignore_growroot_disabled: false\nruncmd:\n    #- [sh, -c, '' ]\n    #- [sh, -c, 'sudo apt-key' fingerprint ]     \n    #- [ sh, -c, 'sudo apt -y update' ]\n    #- [ sh, -c, 'sudo apt install -y docker.io']\n    #- [ sh, -c, 'sudo apt install -y docker.compose']\n\nfinal_message: \"The system is finally up, after $UPTIME seconds\"",
            "template": "#cloud-config\nusers:\n  - name: ${VM_USER}   \n    groups: users, admin\n    home: /home/${VM_USER}\n    shell: /bin/bash    \n    hashed_passwd: \"6F01F0326BA6A4E52475ED8F74224201E3DA47436F96D1598EEA047793758AFF7CC82FB17D02D3F19794C9FF73F1EF1ABEA69EFD2987057D2217A76C280A8FC0\"\n    lock_passwd: false\n    ssh_authorized_keys:\n      - ssh-rsa AAAAB3NzaC1yc2EAAAADAQABAAABAQDYO2hhrBd+e7iNuuN4/i1jsvrZ9KLRBA/48GOj+6GY3nCuheOdfoVXptgHyFyJFkwhtgemwxuWrHwL9XrckYV4UfexUieOSeafD5+xLspRtOsvkGu+AuoDy1BiFOVstjMTx7hpPQOZgNnU6e8eFzZ7L0WC6LNLr7c0Xc4gYOHrFWgLW7NMhNPmB5SWG86IjSc8OzHuHJKSbHDdaViGlHgg4HY+LUjtKw2oqJs6rdBzn1kvzsLvvv+Sf32Re6NqB/UtID57dm3x2zV7nX0YLrWdCGW5GZsPtvVBjiDT0DG+PeRwmmSnIJgSry95XvWj5i19VdT0sGy4k1X8+K3fFZdt pedrohenrique@serralimpa-pc-85\n    sudo: ALL=(ALL) NOPASSWD:ALL\nssh_pwauth: True\ndisable_root: false\nchpasswd:\n  list: |\n     ${VM_USER}:dfe@cmt0512\n  expire: false\npackage_update: true\npackage_upgrade: true\npackages:\n    #- gemu-gues-agent\n    #- apt-transport-httpsvgf4\n    #- ca-certificates\n    #- curl \n    #- gnupg-agent\n    #- software-properties-common\n    #- zsh\n\ngrowpart:\n    mode: auto\n    devices: ['/']\n    ignore_growroot_disabled: false\nruncmd:\n    #- [sh, -c, '' ]\n    #- [sh, -c, 'sudo apt-key' fingerprint ]     \n    #- [ sh, -c, 'sudo apt -y update' ]\n    #- [ sh, -c, 'sudo apt install -y docker.io']\n    #- [ sh, -c, 'sudo apt install -y docker.compose']\n\nfinal_message: \"The system is finally up, after $UPTIME seconds\"",
            "vars": {
              "VM_USER": "suporte"
            }
          },
          "sensitive_attributes": []
        }
      ]
    },
    {
      "mode": "managed",
      "type": "libvirt_cloudinit_disk",
      "name": "cloudinit",
      "provider": "provider[\"registry.terraform.io/dmacvicar/libvirt\"]",
      "instances": [
        {
          "schema_version": 0,
          "attributes": {
            "id": "/images_kvm/terraform-provider-libvirt-pool-ubuntu/c5-infra7_cloudinit.iso;f36318c8-e170-4c09-b73e-3ae162c6b95b",
            "meta_data": "",
            "name": "c5-infra7_cloudinit.iso",
            "network_config": "version: 2\nethernets:\n  ens3 :\n     dhcp4: true\n\n\n#version: 2\n#ethernets: \n#    ens3:\n#    addresses:\n#    - 10.30.0.41/20\n#    gateway4: 10.30.0.1\n#    nameservers:\n#        addresses:\n#        - 10.20.6.1\n#        - 10.20.6.2\n#        search:\n#        - lsd.ufcg.edu.br",
            "pool": "c5-infra7_pool",
            "user_data": "#cloud-config\nusers:\n  - name: suporte   \n    groups: users, admin\n    home: /home/suporte\n    shell: /bin/bash    \n    hashed_passwd: \"6F01F0326BA6A4E52475ED8F74224201E3DA47436F96D1598EEA047793758AFF7CC82FB17D02D3F19794C9FF73F1EF1ABEA69EFD2987057D2217A76C280A8FC0\"\n    lock_passwd: false\n    ssh_authorized_keys:\n      - ssh-rsa AAAAB3NzaC1yc2EAAAADAQABAAABAQDYO2hhrBd+e7iNuuN4/i1jsvrZ9KLRBA/48GOj+6GY3nCuheOdfoVXptgHyFyJFkwhtgemwxuWrHwL9XrckYV4UfexUieOSeafD5+xLspRtOsvkGu+AuoDy1BiFOVstjMTx7hpPQOZgNnU6e8eFzZ7L0WC6LNLr7c0Xc4gYOHrFWgLW7NMhNPmB5SWG86IjSc8OzHuHJKSbHDdaViGlHgg4HY+LUjtKw2oqJs6rdBzn1kvzsLvvv+Sf32Re6NqB/UtID57dm3x2zV7nX0YLrWdCGW5GZsPtvVBjiDT0DG+PeRwmmSnIJgSry95XvWj5i19VdT0sGy4k1X8+K3fFZdt pedrohenrique@serralimpa-pc-85\n    sudo: ALL=(ALL) NOPASSWD:ALL\nssh_pwauth: True\ndisable_root: false\nchpasswd:\n  list: |\n     suporte:dfe@cmt0512\n  expire: false\npackage_update: true\npackage_upgrade: true\npackages:\n    #- gemu-gues-agent\n    #- apt-transport-httpsvgf4\n    #- ca-certificates\n    #- curl \n    #- gnupg-agent\n    #- software-properties-common\n    #- zsh\n\ngrowpart:\n    mode: auto\n    devices: ['/']\n    ignore_growroot_disabled: false\nruncmd:\n    #- [sh, -c, '' ]\n    #- [sh, -c, 'sudo apt-key' fingerprint ]     \n    #- [ sh, -c, 'sudo apt -y update' ]\n    #- [ sh, -c, 'sudo apt install -y docker.io']\n    #- [ sh, -c, 'sudo apt install -y docker.compose']\n\nfinal_message: \"The system is finally up, after $UPTIME seconds\""
          },
          "sensitive_attributes": [],
          "private": "bnVsbA==",
          "dependencies": [
            "data.template_file.network_config",
            "data.template_file.user_data",
            "libvirt_pool.vm"
          ]
        }
      ]
    },
    {
      "mode": "managed",
      "type": "libvirt_domain",
      "name": "vm",
      "provider": "provider[\"registry.terraform.io/dmacvicar/libvirt\"]",
      "instances": [
        {
          "index_key": 0,
          "schema_version": 0,
          "attributes": {
            "arch": "x86_64",
            "autostart": true,
            "boot_device": [],
            "cloudinit": "/images_kvm/terraform-provider-libvirt-pool-ubuntu/c5-infra7_cloudinit.iso;f36318c8-e170-4c09-b73e-3ae162c6b95b",
            "cmdline": null,
            "console": [
              {
                "source_host": "127.0.0.1",
                "source_path": "",
                "source_service": "0",
                "target_port": "0",
                "target_type": "serial",
                "type": "pty"
              },
              {
                "source_host": "127.0.0.1",
                "source_path": "",
                "source_service": "0",
                "target_port": "1",
                "target_type": "virtio",
                "type": "pty"
              }
            ],
            "coreos_ignition": null,
            "cpu": [],
            "description": "",
            "disk": [
              {
                "block_device": "",
                "file": "",
                "scsi": false,
                "url": "",
                "volume_id": "/images_kvm/terraform-provider-libvirt-pool-ubuntu/c5-infra7-0_volume.qcow2",
                "wwn": ""
              }
            ],
            "emulator": "/usr/bin/qemu-system-x86_64",
            "filesystem": [],
            "firmware": "",
            "fw_cfg_name": "opt/com.coreos/config",
            "graphics": [
              {
                "autoport": true,
                "listen_address": "127.0.0.1",
                "listen_type": "address",
                "type": "spice",
                "websocket": 0
              }
            ],
            "id": "c09bb611-c133-4ae8-bbb7-84b16a2ff99e",
            "initrd": "",
            "kernel": "",
            "machine": "ubuntu",
            "memory": 1024,
            "metadata": null,
            "name": "c5-infra7-0-zzcvrl",
            "network_interface": [
              {
                "addresses": [],
                "bridge": "",
                "hostname": "c5-infra7",
                "mac": "52:54:00:EA:72:29",
                "macvtap": "",
                "network_id": "9ff539aa-e0b8-4eaa-b74e-220dc658c4ec",
                "network_name": "c5-infra7_network",
                "passthrough": "",
                "vepa": "",
                "wait_for_lease": false
              }
            ],
            "nvram": [],
            "qemu_agent": true,
            "running": true,
            "timeouts": null,
            "tpm": [],
            "vcpu": 1,
            "video": [],
            "xml": []
          },
          "sensitive_attributes": [],
          "private": "eyJlMmJmYjczMC1lY2FhLTExZTYtOGY4OC0zNDM2M2JjN2M0YzAiOnsiY3JlYXRlIjozMDAwMDAwMDAwMDB9fQ==",
          "dependencies": [
            "data.template_file.network_config",
            "data.template_file.user_data",
            "libvirt_cloudinit_disk.cloudinit",
            "libvirt_network.vm_public_network",
            "libvirt_pool.vm",
            "libvirt_volume.base_ubuntu_qcow2",
            "libvirt_volume.vm",
            "random_string.vm-name"
          ]
        }
      ]
    },
    {
      "mode": "managed",
      "type": "libvirt_network",
      "name": "vm_public_network",
      "provider": "provider[\"registry.terraform.io/dmacvicar/libvirt\"]",
      "instances": [
        {
          "schema_version": 0,
          "attributes": {
            "addresses": [
              "192.168.1.0/24"
            ],
            "autostart": null,
            "bridge": "virbr1",
            "dhcp": [
              {
                "enabled": true
              }
            ],
            "dns": [
              {
                "enabled": true,
                "forwarders": [],
                "hosts": [],
                "local_only": false,
                "srvs": []
              }
            ],
            "dnsmasq_options": [],
            "domain": "c5-infra7.local",
            "id": "9ff539aa-e0b8-4eaa-b74e-220dc658c4ec",
            "mode": "nat",
            "mtu": null,
            "name": "c5-infra7_network",
            "routes": [],
            "xml": []
          },
          "sensitive_attributes": [],
          "private": "bnVsbA=="
        }
      ]
    },
    {
      "mode": "managed",
      "type": "libvirt_pool",
      "name": "vm",
      "provider": "provider[\"registry.terraform.io/dmacvicar/libvirt\"]",
      "instances": [
        {
          "schema_version": 0,
          "attributes": {
            "allocation": 12345319424,
            "available": null,
            "capacity": 210241560576,
            "id": "37a80cbc-2970-423b-b426-ba6630d9bb52",
            "name": "c5-infra7_pool",
            "path": "/images_kvm/terraform-provider-libvirt-pool-ubuntu",
            "type": "dir",
            "xml": []
          },
          "sensitive_attributes": [],
          "private": "bnVsbA=="
        }
      ]
    },
    {
      "mode": "managed",
      "type": "libvirt_volume",
      "name": "base_ubuntu_qcow2",
      "provider": "provider[\"registry.terraform.io/dmacvicar/libvirt\"]",
      "instances": [
        {
          "schema_version": 0,
          "attributes": {
            "base_volume_id": null,
            "base_volume_name": null,
            "base_volume_pool": null,
            "format": "qcow2",
            "id": "/images_kvm/terraform-provider-libvirt-pool-ubuntu/c5-infra7-base_volume.qcow2",
            "name": "c5-infra7-base_volume.qcow2",
            "pool": "c5-infra7_pool",
            "size": 2361393152,
            "source": "https://cloud-images.ubuntu.com/xenial/current/xenial-server-cloudimg-amd64-disk1.img",
            "xml": []
          },
          "sensitive_attributes": [],
          "private": "bnVsbA==",
          "dependencies": [
            "libvirt_pool.vm"
          ]
        }
      ]
    },
    {
      "mode": "managed",
      "type": "libvirt_volume",
      "name": "vm",
      "provider": "provider[\"registry.terraform.io/dmacvicar/libvirt\"]",
      "instances": [
        {
          "index_key": 0,
          "schema_version": 0,
          "attributes": {
            "base_volume_id": "/images_kvm/terraform-provider-libvirt-pool-ubuntu/c5-infra7-base_volume.qcow2",
            "base_volume_name": null,
            "base_volume_pool": null,
            "format": "qcow2",
            "id": "/images_kvm/terraform-provider-libvirt-pool-ubuntu/c5-infra7-0_volume.qcow2",
            "name": "c5-infra7-0_volume.qcow2",
            "pool": "c5-infra7_pool",
            "size": 5368709120,
            "source": null,
            "xml": []
          },
          "sensitive_attributes": [],
          "private": "bnVsbA==",
          "dependencies": [
            "libvirt_pool.vm",
            "libvirt_volume.base_ubuntu_qcow2"
          ]
        }
      ]
    },
    {
      "mode": "managed",
      "type": "random_string",
      "name": "vm-name",
      "provider": "provider[\"registry.terraform.io/hashicorp/random\"]",
      "instances": [
        {
          "schema_version": 1,
          "attributes": {
            "id": "zzcvrl",
            "keepers": null,
            "length": 6,
            "lower": true,
            "min_lower": 0,
            "min_numeric": 0,
            "min_special": 0,
            "min_upper": 0,
            "number": false,
            "override_special": null,
            "result": "zzcvrl",
            "special": false,
            "upper": false
          },
          "sensitive_attributes": [],
          "private": "eyJzY2hlbWFfdmVyc2lvbiI6IjEifQ=="
        }
      ]
    }
  ]
}
